<Solution>
  <Folder Name="/src/">
    <Project Path="src/TodoApp.Api/TodoApp.Api.csproj" />
    <Project Path="src/TodoApp.Data/TodoApp.Data.csproj" />
    <Project Path="src/TodoApp.Models/TodoApp.Models.csproj" />
  </Folder>
  <Folder Name="/tests/">
    <Project Path="tests/TodoApp.Tests/TodoApp.Tests.csproj" />
  </Folder>
</Solution>
